
Microsoft Visual Studio Solution File, Format Version 12.00
# Visual Studio Version 17
Project("{2150E333-8FDC-42A3-9474-1A3956D46DE8}") = "CMakePredefinedTargets", "CMakePredefinedTargets", "{6B9FC92C-8EF6-3783-ADC2-D836C396AC39}"
EndProject
Project("{2150E333-8FDC-42A3-9474-1A3956D46DE8}") = "exts", "exts", "{26027FED-CFF9-3060-B033-1F99C6A42545}"
EndProject
Project("{2150E333-8FDC-42A3-9474-1A3956D46DE8}") = "glfw", "exts\glfw", "{909385AE-7D00-3D60-9650-10B339BC3961}"
EndProject
Project("{8BC9CEB8-8B4A-11D0-8D11-00A0C91BC942}") = "ALL_BUILD", "ALL_BUILD.vcxproj", "{D4AFF985-385B-3C13-BF8D-BA1481AA1B66}"
	ProjectSection(ProjectDependencies) = postProject
		{B3532F6E-3228-31A2-81D5-D2BCF653D581} = {B3532F6E-3228-31A2-81D5-D2BCF653D581}
		{7005A1D3-4D46-3E38-A672-A6DC3BE9D83B} = {7005A1D3-4D46-3E38-A672-A6DC3BE9D83B}
	EndProjectSection
EndProject
Project("{8BC9CEB8-8B4A-11D0-8D11-00A0C91BC942}") = "INSTALL", "INSTALL.vcxproj", "{77F8C55A-4F6E-3EBE-A200-88E5C67E536B}"
	ProjectSection(ProjectDependencies) = postProject
		{D4AFF985-385B-3C13-BF8D-BA1481AA1B66} = {D4AFF985-385B-3C13-BF8D-BA1481AA1B66}
		{B3532F6E-3228-31A2-81D5-D2BCF653D581} = {B3532F6E-3228-31A2-81D5-D2BCF653D581}
	EndProjectSection
EndProject
Project("{8BC9CEB8-8B4A-11D0-8D11-00A0C91BC942}") = "ZERO_CHECK", "..\..\\ZERO_CHECK.vcxproj", "{B3532F6E-3228-31A2-81D5-D2BCF653D581}"
	ProjectSection(ProjectDependencies) = postProject
	EndProjectSection
EndProject
Project("{8BC9CEB8-8B4A-11D0-8D11-00A0C91BC942}") = "glfw", "src\glfw.vcxproj", "{7005A1D3-4D46-3E38-A672-A6DC3BE9D83B}"
	ProjectSection(ProjectDependencies) = postProject
		{B3532F6E-3228-31A2-81D5-D2BCF653D581} = {B3532F6E-3228-31A2-81D5-D2BCF653D581}
	EndProjectSection
EndProject
Global
	GlobalSection(SolutionConfigurationPlatforms) = preSolution
		Debug|x64 = Debug|x64
		Release|x64 = Release|x64
		MinSizeRel|x64 = MinSizeRel|x64
		RelWithDebInfo|x64 = RelWithDebInfo|x64
	EndGlobalSection
	GlobalSection(ProjectConfigurationPlatforms) = postSolution
		{D4AFF985-385B-3C13-BF8D-BA1481AA1B66}.Debug|x64.ActiveCfg = Debug|x64
		{D4AFF985-385B-3C13-BF8D-BA1481AA1B66}.Debug|x64.Build.0 = Debug|x64
		{D4AFF985-385B-3C13-BF8D-BA1481AA1B66}.Release|x64.ActiveCfg = Release|x64
		{D4AFF985-385B-3C13-BF8D-BA1481AA1B66}.Release|x64.Build.0 = Release|x64
		{D4AFF985-385B-3C13-BF8D-BA1481AA1B66}.MinSizeRel|x64.ActiveCfg = MinSizeRel|x64
		{D4AFF985-385B-3C13-BF8D-BA1481AA1B66}.MinSizeRel|x64.Build.0 = MinSizeRel|x64
		{D4AFF985-385B-3C13-BF8D-BA1481AA1B66}.RelWithDebInfo|x64.ActiveCfg = RelWithDebInfo|x64
		{D4AFF985-385B-3C13-BF8D-BA1481AA1B66}.RelWithDebInfo|x64.Build.0 = RelWithDebInfo|x64
		{77F8C55A-4F6E-3EBE-A200-88E5C67E536B}.Debug|x64.ActiveCfg = Debug|x64
		{77F8C55A-4F6E-3EBE-A200-88E5C67E536B}.Release|x64.ActiveCfg = Release|x64
		{77F8C55A-4F6E-3EBE-A200-88E5C67E536B}.MinSizeRel|x64.ActiveCfg = MinSizeRel|x64
		{77F8C55A-4F6E-3EBE-A200-88E5C67E536B}.RelWithDebInfo|x64.ActiveCfg = RelWithDebInfo|x64
		{B3532F6E-3228-31A2-81D5-D2BCF653D581}.Debug|x64.ActiveCfg = Debug|x64
		{B3532F6E-3228-31A2-81D5-D2BCF653D581}.Debug|x64.Build.0 = Debug|x64
		{B3532F6E-3228-31A2-81D5-D2BCF653D581}.Release|x64.ActiveCfg = Release|x64
		{B3532F6E-3228-31A2-81D5-D2BCF653D581}.Release|x64.Build.0 = Release|x64
		{B3532F6E-3228-31A2-81D5-D2BCF653D581}.MinSizeRel|x64.ActiveCfg = MinSizeRel|x64
		{B3532F6E-3228-31A2-81D5-D2BCF653D581}.MinSizeRel|x64.Build.0 = MinSizeRel|x64
		{B3532F6E-3228-31A2-81D5-D2BCF653D581}.RelWithDebInfo|x64.ActiveCfg = RelWithDebInfo|x64
		{B3532F6E-3228-31A2-81D5-D2BCF653D581}.RelWithDebInfo|x64.Build.0 = RelWithDebInfo|x64
		{7005A1D3-4D46-3E38-A672-A6DC3BE9D83B}.Debug|x64.ActiveCfg = Debug|x64
		{7005A1D3-4D46-3E38-A672-A6DC3BE9D83B}.Debug|x64.Build.0 = Debug|x64
		{7005A1D3-4D46-3E38-A672-A6DC3BE9D83B}.Release|x64.ActiveCfg = Release|x64
		{7005A1D3-4D46-3E38-A672-A6DC3BE9D83B}.Release|x64.Build.0 = Release|x64
		{7005A1D3-4D46-3E38-A672-A6DC3BE9D83B}.MinSizeRel|x64.ActiveCfg = MinSizeRel|x64
		{7005A1D3-4D46-3E38-A672-A6DC3BE9D83B}.MinSizeRel|x64.Build.0 = MinSizeRel|x64
		{7005A1D3-4D46-3E38-A672-A6DC3BE9D83B}.RelWithDebInfo|x64.ActiveCfg = RelWithDebInfo|x64
		{7005A1D3-4D46-3E38-A672-A6DC3BE9D83B}.RelWithDebInfo|x64.Build.0 = RelWithDebInfo|x64
	EndGlobalSection
	GlobalSection(NestedProjects) = preSolution
		{D4AFF985-385B-3C13-BF8D-BA1481AA1B66} = {6B9FC92C-8EF6-3783-ADC2-D836C396AC39}
		{77F8C55A-4F6E-3EBE-A200-88E5C67E536B} = {6B9FC92C-8EF6-3783-ADC2-D836C396AC39}
		{B3532F6E-3228-31A2-81D5-D2BCF653D581} = {6B9FC92C-8EF6-3783-ADC2-D836C396AC39}
		{909385AE-7D00-3D60-9650-10B339BC3961} = {26027FED-CFF9-3060-B033-1F99C6A42545}
		{7005A1D3-4D46-3E38-A672-A6DC3BE9D83B} = {909385AE-7D00-3D60-9650-10B339BC3961}
	EndGlobalSection
	GlobalSection(ExtensibilityGlobals) = postSolution
		SolutionGuid = {EDD93810-3DC5-3DD9-B3DA-1E6C9A7673CE}
	EndGlobalSection
	GlobalSection(ExtensibilityAddIns) = postSolution
	EndGlobalSection
EndGlobal
